
Microsoft Visual Studio Solution File, Format Version 12.00
# Visual Studio 2013
VisualStudioVersion = 12.0.31101.0
MinimumVisualStudioVersion = 10.0.40219.1
Project("{FAE04EC0-301F-11D3-BF4B-00C04F79EFBC}") = "API_1", "API_1\API_1.csproj", "{8EE5CC41-D769-4FF7-96E0-08D57D7F382C}"
EndProject
Project("{FAE04EC0-301F-11D3-BF4B-00C04F79EFBC}") = "API_2", "API_2\API_2.csproj", "{73FBEFB6-79EA-435E-8FF6-BD52C89B1F15}"
EndProject
Project("{FAE04EC0-301F-11D3-BF4B-00C04F79EFBC}") = "API_3", "API_3\API_3.csproj", "{7C533F81-5688-4FCA-A464-BA067AF03DA3}"
EndProject
Project("{FAE04EC0-301F-11D3-BF4B-00C04F79EFBC}") = "API_4", "API_4\API_4.csproj", "{FCEE0FF5-CB1A-4B5E-8E4B-4BBC65194D06}"
EndProject
Project("{FAE04EC0-301F-11D3-BF4B-00C04F79EFBC}") = "API_6", "API_6\API_6.csproj", "{4274FE5D-0B36-480F-86DE-A16A50E0CD05}"
EndProject
Project("{FAE04EC0-301F-11D3-BF4B-00C04F79EFBC}") = "API_7", "API_7\API_7.csproj", "{13A0672A-87B3-4891-A4FF-CAE3CC80AC24}"
EndProject
Project("{FAE04EC0-301F-11D3-BF4B-00C04F79EFBC}") = "API_8", "API_8\API_8.csproj", "{5D8EE7E8-B242-4E8A-BF10-97F88AAEC613}"
EndProject
Project("{FAE04EC0-301F-11D3-BF4B-00C04F79EFBC}") = "API_9", "API_9\API_9.csproj", "{1BF9128A-8E91-458B-A26F-B9A79E2556A1}"
EndProject
Project("{FAE04EC0-301F-11D3-BF4B-00C04F79EFBC}") = "API_11", "API_11\API_11.csproj", "{6C461A2E-F21A-4B55-933B-FFDE8BA4EF89}"
EndProject
Project("{FAE04EC0-301F-11D3-BF4B-00C04F79EFBC}") = "API_12", "API_12\API_12.csproj", "{EFEE6D93-E1E0-42BD-ACF6-4F72875F9C1E}"
EndProject
Project("{FAE04EC0-301F-11D3-BF4B-00C04F79EFBC}") = "API_13", "API_13\API_13.csproj", "{B4E3CB79-645C-4AE6-AC52-A249A4EC128E}"
EndProject
Project("{FAE04EC0-301F-11D3-BF4B-00C04F79EFBC}") = "Model", "Model\Model.csproj", "{4F0F7BB5-B1A8-4FD4-90A5-B2C004918342}"
EndProject
Project("{FAE04EC0-301F-11D3-BF4B-00C04F79EFBC}") = "FilterChannelDemo", "FilterChannelDemo\FilterChannelDemo.csproj", "{8E4BF6BF-D6DD-4EA6-B6D2-D65420FC3E18}"
EndProject
Global
	GlobalSection(SolutionConfigurationPlatforms) = preSolution
		Debug|Any CPU = Debug|Any CPU
		Release|Any CPU = Release|Any CPU
	EndGlobalSection
	GlobalSection(ProjectConfigurationPlatforms) = postSolution
		{8EE5CC41-D769-4FF7-96E0-08D57D7F382C}.Debug|Any CPU.ActiveCfg = Debug|Any CPU
		{8EE5CC41-D769-4FF7-96E0-08D57D7F382C}.Debug|Any CPU.Build.0 = Debug|Any CPU
		{8EE5CC41-D769-4FF7-96E0-08D57D7F382C}.Release|Any CPU.ActiveCfg = Release|Any CPU
		{8EE5CC41-D769-4FF7-96E0-08D57D7F382C}.Release|Any CPU.Build.0 = Release|Any CPU
		{73FBEFB6-79EA-435E-8FF6-BD52C89B1F15}.Debug|Any CPU.ActiveCfg = Debug|Any CPU
		{73FBEFB6-79EA-435E-8FF6-BD52C89B1F15}.Debug|Any CPU.Build.0 = Debug|Any CPU
		{73FBEFB6-79EA-435E-8FF6-BD52C89B1F15}.Release|Any CPU.ActiveCfg = Release|Any CPU
		{73FBEFB6-79EA-435E-8FF6-BD52C89B1F15}.Release|Any CPU.Build.0 = Release|Any CPU
		{7C533F81-5688-4FCA-A464-BA067AF03DA3}.Debug|Any CPU.ActiveCfg = Debug|Any CPU
		{7C533F81-5688-4FCA-A464-BA067AF03DA3}.Debug|Any CPU.Build.0 = Debug|Any CPU
		{7C533F81-5688-4FCA-A464-BA067AF03DA3}.Release|Any CPU.ActiveCfg = Release|Any CPU
		{7C533F81-5688-4FCA-A464-BA067AF03DA3}.Release|Any CPU.Build.0 = Release|Any CPU
		{FCEE0FF5-CB1A-4B5E-8E4B-4BBC65194D06}.Debug|Any CPU.ActiveCfg = Debug|Any CPU
		{FCEE0FF5-CB1A-4B5E-8E4B-4BBC65194D06}.Debug|Any CPU.Build.0 = Debug|Any CPU
		{FCEE0FF5-CB1A-4B5E-8E4B-4BBC65194D06}.Release|Any CPU.ActiveCfg = Release|Any CPU
		{FCEE0FF5-CB1A-4B5E-8E4B-4BBC65194D06}.Release|Any CPU.Build.0 = Release|Any CPU
		{4274FE5D-0B36-480F-86DE-A16A50E0CD05}.Debug|Any CPU.ActiveCfg = Debug|Any CPU
		{4274FE5D-0B36-480F-86DE-A16A50E0CD05}.Debug|Any CPU.Build.0 = Debug|Any CPU
		{4274FE5D-0B36-480F-86DE-A16A50E0CD05}.Release|Any CPU.ActiveCfg = Release|Any CPU
		{4274FE5D-0B36-480F-86DE-A16A50E0CD05}.Release|Any CPU.Build.0 = Release|Any CPU
		{13A0672A-87B3-4891-A4FF-CAE3CC80AC24}.Debug|Any CPU.ActiveCfg = Debug|Any CPU
		{13A0672A-87B3-4891-A4FF-CAE3CC80AC24}.Debug|Any CPU.Build.0 = Debug|Any CPU
		{13A0672A-87B3-4891-A4FF-CAE3CC80AC24}.Release|Any CPU.ActiveCfg = Release|Any CPU
		{13A0672A-87B3-4891-A4FF-CAE3CC80AC24}.Release|Any CPU.Build.0 = Release|Any CPU
		{5D8EE7E8-B242-4E8A-BF10-97F88AAEC613}.Debug|Any CPU.ActiveCfg = Debug|Any CPU
		{5D8EE7E8-B242-4E8A-BF10-97F88AAEC613}.Debug|Any CPU.Build.0 = Debug|Any CPU
		{5D8EE7E8-B242-4E8A-BF10-97F88AAEC613}.Release|Any CPU.ActiveCfg = Release|Any CPU
		{5D8EE7E8-B242-4E8A-BF10-97F88AAEC613}.Release|Any CPU.Build.0 = Release|Any CPU
		{1BF9128A-8E91-458B-A26F-B9A79E2556A1}.Debug|Any CPU.ActiveCfg = Debug|Any CPU
		{1BF9128A-8E91-458B-A26F-B9A79E2556A1}.Debug|Any CPU.Build.0 = Debug|Any CPU
		{1BF9128A-8E91-458B-A26F-B9A79E2556A1}.Release|Any CPU.ActiveCfg = Release|Any CPU
		{1BF9128A-8E91-458B-A26F-B9A79E2556A1}.Release|Any CPU.Build.0 = Release|Any CPU
		{6C461A2E-F21A-4B55-933B-FFDE8BA4EF89}.Debug|Any CPU.ActiveCfg = Debug|Any CPU
		{6C461A2E-F21A-4B55-933B-FFDE8BA4EF89}.Debug|Any CPU.Build.0 = Debug|Any CPU
		{6C461A2E-F21A-4B55-933B-FFDE8BA4EF89}.Release|Any CPU.ActiveCfg = Release|Any CPU
		{6C461A2E-F21A-4B55-933B-FFDE8BA4EF89}.Release|Any CPU.Build.0 = Release|Any CPU
		{EFEE6D93-E1E0-42BD-ACF6-4F72875F9C1E}.Debug|Any CPU.ActiveCfg = Debug|Any CPU
		{EFEE6D93-E1E0-42BD-ACF6-4F72875F9C1E}.Debug|Any CPU.Build.0 = Debug|Any CPU
		{EFEE6D93-E1E0-42BD-ACF6-4F72875F9C1E}.Release|Any CPU.ActiveCfg = Release|Any CPU
		{EFEE6D93-E1E0-42BD-ACF6-4F72875F9C1E}.Release|Any CPU.Build.0 = Release|Any CPU
		{B4E3CB79-645C-4AE6-AC52-A249A4EC128E}.Debug|Any CPU.ActiveCfg = Debug|Any CPU
		{B4E3CB79-645C-4AE6-AC52-A249A4EC128E}.Debug|Any CPU.Build.0 = Debug|Any CPU
		{B4E3CB79-645C-4AE6-AC52-A249A4EC128E}.Release|Any CPU.ActiveCfg = Release|Any CPU
		{B4E3CB79-645C-4AE6-AC52-A249A4EC128E}.Release|Any CPU.Build.0 = Release|Any CPU
		{4F0F7BB5-B1A8-4FD4-90A5-B2C004918342}.Debug|Any CPU.ActiveCfg = Debug|Any CPU
		{4F0F7BB5-B1A8-4FD4-90A5-B2C004918342}.Debug|Any CPU.Build.0 = Debug|Any CPU
		{4F0F7BB5-B1A8-4FD4-90A5-B2C004918342}.Release|Any CPU.ActiveCfg = Release|Any CPU
		{4F0F7BB5-B1A8-4FD4-90A5-B2C004918342}.Release|Any CPU.Build.0 = Release|Any CPU
		{8E4BF6BF-D6DD-4EA6-B6D2-D65420FC3E18}.Debug|Any CPU.ActiveCfg = Debug|Any CPU
		{8E4BF6BF-D6DD-4EA6-B6D2-D65420FC3E18}.Debug|Any CPU.Build.0 = Debug|Any CPU
		{8E4BF6BF-D6DD-4EA6-B6D2-D65420FC3E18}.Release|Any CPU.ActiveCfg = Release|Any CPU
		{8E4BF6BF-D6DD-4EA6-B6D2-D65420FC3E18}.Release|Any CPU.Build.0 = Release|Any CPU
	EndGlobalSection
	GlobalSection(SolutionProperties) = preSolution
		HideSolutionNode = FALSE
	EndGlobalSection
EndGlobal
