
Microsoft Visual Studio Solution File, Format Version 12.00
# Visual Studio 2013
VisualStudioVersion = 12.0.31101.0
MinimumVisualStudioVersion = 10.0.40219.1
Project("{FAE04EC0-301F-11D3-BF4B-00C04F79EFBC}") = "API_5", "API_5\API_5.csproj", "{D4CEC7D9-6A7A-4AA0-ABF5-7BCD433CF7F0}"
EndProject
Global
	GlobalSection(SolutionConfigurationPlatforms) = preSolution
		Debug|Any CPU = Debug|Any CPU
		Release|Any CPU = Release|Any CPU
	EndGlobalSection
	GlobalSection(ProjectConfigurationPlatforms) = postSolution
		{D4CEC7D9-6A7A-4AA0-ABF5-7BCD433CF7F0}.Debug|Any CPU.ActiveCfg = Debug|Any CPU
		{D4CEC7D9-6A7A-4AA0-ABF5-7BCD433CF7F0}.Debug|Any CPU.Build.0 = Debug|Any CPU
		{D4CEC7D9-6A7A-4AA0-ABF5-7BCD433CF7F0}.Release|Any CPU.ActiveCfg = Release|Any CPU
		{D4CEC7D9-6A7A-4AA0-ABF5-7BCD433CF7F0}.Release|Any CPU.Build.0 = Release|Any CPU
	EndGlobalSection
	GlobalSection(SolutionProperties) = preSolution
		HideSolutionNode = FALSE
	EndGlobalSection
EndGlobal
